
Microsoft Visual Studio Solution File, Format Version 12.00
# Visual Studio Version 16
VisualStudioVersion = 16.0.29209.62
MinimumVisualStudioVersion = 10.0.40219.1
Project("{9A19103F-16F7-4668-BE54-9A1E7A4F7556}") = "Lesson 1 - BinaryGap", "BinaryGap\Lesson 1 - BinaryGap.csproj", "{54CE3E48-4F01-49A7-BCF0-5BB1680E98DA}"
EndProject
Project("{9A19103F-16F7-4668-BE54-9A1E7A4F7556}") = "Lesson 2.2 - CyclicRotation", "CyclicRotation\Lesson 2.2 - CyclicRotation.csproj", "{189ADF8B-3BBC-48A7-BC8C-5A8E70A38976}"
EndProject
Project("{9A19103F-16F7-4668-BE54-9A1E7A4F7556}") = "Lesson 2.1 - OddOccurrencesInArray", "OddOccurrencesInArray\Lesson 2.1 - OddOccurrencesInArray.csproj", "{7B858A48-A553-42DE-B63F-E17BCC8DE84A}"
EndProject
Project("{9A19103F-16F7-4668-BE54-9A1E7A4F7556}") = "Lesson 3.1 - FrogJmp", "FrogJmp\Lesson 3.1 - FrogJmp.csproj", "{E7673DEC-C0B2-400D-8E92-650B9B6FD50A}"
EndProject
Project("{9A19103F-16F7-4668-BE54-9A1E7A4F7556}") = "Lesson 3.2 - PermMissingElem", "PermMissingElem\Lesson 3.2 - PermMissingElem.csproj", "{3B3C3670-3ED9-42B0-96CA-077C7687A11D}"
EndProject
Project("{9A19103F-16F7-4668-BE54-9A1E7A4F7556}") = "Lesson 3.3 - TapeEquilibrium", "TapeEquilibrium\Lesson 3.3 - TapeEquilibrium.csproj", "{DB87A5BD-EF59-41F5-817F-ADB91035F0F2}"
EndProject
Project("{9A19103F-16F7-4668-BE54-9A1E7A4F7556}") = "Lesson 4.1 - PermCheck", "PermCheck\Lesson 4.1 - PermCheck.csproj", "{404A714F-9FA8-42B9-89AB-F653BCAE62FD}"
EndProject
Project("{9A19103F-16F7-4668-BE54-9A1E7A4F7556}") = "Lesson 4.2 - FrogRiverOne", "FrogRiverOne\Lesson 4.2 - FrogRiverOne.csproj", "{7ACFB93F-B7DB-4C02-9F9D-A7BBFBD44191}"
EndProject
Project("{9A19103F-16F7-4668-BE54-9A1E7A4F7556}") = "Lesson 4.3 - MaxCounters", "MaxCounters\Lesson 4.3 - MaxCounters.csproj", "{3DC550F9-9AED-4762-831D-5B8C3B99B41B}"
EndProject
Project("{9A19103F-16F7-4668-BE54-9A1E7A4F7556}") = "Lesson 4.4 - MissingInteger", "MissingInteger\Lesson 4.4 - MissingInteger.csproj", "{F6CBD206-F219-4E8E-A873-5E8CD2D034BD}"
EndProject
Project("{9A19103F-16F7-4668-BE54-9A1E7A4F7556}") = "Lesson 5.1 - PassingCars", "PassingCars\Lesson 5.1 - PassingCars.csproj", "{F0C6C1D5-5004-4D28-894B-42075EAD637D}"
EndProject
Project("{9A19103F-16F7-4668-BE54-9A1E7A4F7556}") = "Lesson 5.2 - GenomicRangeQuery", "GenomicRangeQuery\Lesson 5.2 - GenomicRangeQuery.csproj", "{B3E612AF-F95C-4C78-B2C4-218A9DBBA909}"
EndProject
Global
	GlobalSection(SolutionConfigurationPlatforms) = preSolution
		Debug|Any CPU = Debug|Any CPU
		Release|Any CPU = Release|Any CPU
	EndGlobalSection
	GlobalSection(ProjectConfigurationPlatforms) = postSolution
		{54CE3E48-4F01-49A7-BCF0-5BB1680E98DA}.Debug|Any CPU.ActiveCfg = Debug|Any CPU
		{54CE3E48-4F01-49A7-BCF0-5BB1680E98DA}.Debug|Any CPU.Build.0 = Debug|Any CPU
		{54CE3E48-4F01-49A7-BCF0-5BB1680E98DA}.Release|Any CPU.ActiveCfg = Release|Any CPU
		{54CE3E48-4F01-49A7-BCF0-5BB1680E98DA}.Release|Any CPU.Build.0 = Release|Any CPU
		{189ADF8B-3BBC-48A7-BC8C-5A8E70A38976}.Debug|Any CPU.ActiveCfg = Debug|Any CPU
		{189ADF8B-3BBC-48A7-BC8C-5A8E70A38976}.Debug|Any CPU.Build.0 = Debug|Any CPU
		{189ADF8B-3BBC-48A7-BC8C-5A8E70A38976}.Release|Any CPU.ActiveCfg = Release|Any CPU
		{189ADF8B-3BBC-48A7-BC8C-5A8E70A38976}.Release|Any CPU.Build.0 = Release|Any CPU
		{7B858A48-A553-42DE-B63F-E17BCC8DE84A}.Debug|Any CPU.ActiveCfg = Debug|Any CPU
		{7B858A48-A553-42DE-B63F-E17BCC8DE84A}.Debug|Any CPU.Build.0 = Debug|Any CPU
		{7B858A48-A553-42DE-B63F-E17BCC8DE84A}.Release|Any CPU.ActiveCfg = Release|Any CPU
		{7B858A48-A553-42DE-B63F-E17BCC8DE84A}.Release|Any CPU.Build.0 = Release|Any CPU
		{E7673DEC-C0B2-400D-8E92-650B9B6FD50A}.Debug|Any CPU.ActiveCfg = Debug|Any CPU
		{E7673DEC-C0B2-400D-8E92-650B9B6FD50A}.Debug|Any CPU.Build.0 = Debug|Any CPU
		{E7673DEC-C0B2-400D-8E92-650B9B6FD50A}.Release|Any CPU.ActiveCfg = Release|Any CPU
		{E7673DEC-C0B2-400D-8E92-650B9B6FD50A}.Release|Any CPU.Build.0 = Release|Any CPU
		{3B3C3670-3ED9-42B0-96CA-077C7687A11D}.Debug|Any CPU.ActiveCfg = Debug|Any CPU
		{3B3C3670-3ED9-42B0-96CA-077C7687A11D}.Debug|Any CPU.Build.0 = Debug|Any CPU
		{3B3C3670-3ED9-42B0-96CA-077C7687A11D}.Release|Any CPU.ActiveCfg = Release|Any CPU
		{3B3C3670-3ED9-42B0-96CA-077C7687A11D}.Release|Any CPU.Build.0 = Release|Any CPU
		{DB87A5BD-EF59-41F5-817F-ADB91035F0F2}.Debug|Any CPU.ActiveCfg = Debug|Any CPU
		{DB87A5BD-EF59-41F5-817F-ADB91035F0F2}.Debug|Any CPU.Build.0 = Debug|Any CPU
		{DB87A5BD-EF59-41F5-817F-ADB91035F0F2}.Release|Any CPU.ActiveCfg = Release|Any CPU
		{DB87A5BD-EF59-41F5-817F-ADB91035F0F2}.Release|Any CPU.Build.0 = Release|Any CPU
		{404A714F-9FA8-42B9-89AB-F653BCAE62FD}.Debug|Any CPU.ActiveCfg = Debug|Any CPU
		{404A714F-9FA8-42B9-89AB-F653BCAE62FD}.Debug|Any CPU.Build.0 = Debug|Any CPU
		{404A714F-9FA8-42B9-89AB-F653BCAE62FD}.Release|Any CPU.ActiveCfg = Release|Any CPU
		{404A714F-9FA8-42B9-89AB-F653BCAE62FD}.Release|Any CPU.Build.0 = Release|Any CPU
		{7ACFB93F-B7DB-4C02-9F9D-A7BBFBD44191}.Debug|Any CPU.ActiveCfg = Debug|Any CPU
		{7ACFB93F-B7DB-4C02-9F9D-A7BBFBD44191}.Debug|Any CPU.Build.0 = Debug|Any CPU
		{7ACFB93F-B7DB-4C02-9F9D-A7BBFBD44191}.Release|Any CPU.ActiveCfg = Release|Any CPU
		{7ACFB93F-B7DB-4C02-9F9D-A7BBFBD44191}.Release|Any CPU.Build.0 = Release|Any CPU
		{3DC550F9-9AED-4762-831D-5B8C3B99B41B}.Debug|Any CPU.ActiveCfg = Debug|Any CPU
		{3DC550F9-9AED-4762-831D-5B8C3B99B41B}.Debug|Any CPU.Build.0 = Debug|Any CPU
		{3DC550F9-9AED-4762-831D-5B8C3B99B41B}.Release|Any CPU.ActiveCfg = Release|Any CPU
		{3DC550F9-9AED-4762-831D-5B8C3B99B41B}.Release|Any CPU.Build.0 = Release|Any CPU
		{F6CBD206-F219-4E8E-A873-5E8CD2D034BD}.Debug|Any CPU.ActiveCfg = Debug|Any CPU
		{F6CBD206-F219-4E8E-A873-5E8CD2D034BD}.Debug|Any CPU.Build.0 = Debug|Any CPU
		{F6CBD206-F219-4E8E-A873-5E8CD2D034BD}.Release|Any CPU.ActiveCfg = Release|Any CPU
		{F6CBD206-F219-4E8E-A873-5E8CD2D034BD}.Release|Any CPU.Build.0 = Release|Any CPU
		{F0C6C1D5-5004-4D28-894B-42075EAD637D}.Debug|Any CPU.ActiveCfg = Debug|Any CPU
		{F0C6C1D5-5004-4D28-894B-42075EAD637D}.Debug|Any CPU.Build.0 = Debug|Any CPU
		{F0C6C1D5-5004-4D28-894B-42075EAD637D}.Release|Any CPU.ActiveCfg = Release|Any CPU
		{F0C6C1D5-5004-4D28-894B-42075EAD637D}.Release|Any CPU.Build.0 = Release|Any CPU
		{B3E612AF-F95C-4C78-B2C4-218A9DBBA909}.Debug|Any CPU.ActiveCfg = Debug|Any CPU
		{B3E612AF-F95C-4C78-B2C4-218A9DBBA909}.Debug|Any CPU.Build.0 = Debug|Any CPU
		{B3E612AF-F95C-4C78-B2C4-218A9DBBA909}.Release|Any CPU.ActiveCfg = Release|Any CPU
		{B3E612AF-F95C-4C78-B2C4-218A9DBBA909}.Release|Any CPU.Build.0 = Release|Any CPU
	EndGlobalSection
	GlobalSection(SolutionProperties) = preSolution
		HideSolutionNode = FALSE
	EndGlobalSection
	GlobalSection(ExtensibilityGlobals) = postSolution
		SolutionGuid = {A159F7E7-84D0-4D3B-8BA3-923EB99B1FD8}
	EndGlobalSection
EndGlobal
